Microsoft Visual Studio Solution File, Format Version 12.00
# Visual Studio Version 16
VisualStudioVersion = 16.0.30608.117
MinimumVisualStudioVersion = 10.0.40219.1
Project("{9A19103F-16F7-4668-BE54-9A1E7A4F7556}") = "Norm", "Norm\Norm.csproj", "{C6D3A6DA-4FC6-4A3B-AD68-819B49635EAF}"
EndProject
Project("{2150E333-8FDC-42A3-9474-1A3956D46DE8}") = "Solution Items", "Solution Items", "{15B22575-804B-4918-BC96-9AE2ED8FDB64}"
	ProjectSection(SolutionItems) = preProject
		.editorconfig = .editorconfig
		.gitignore = .gitignore
		config.json = config.json
		config.test.json = config.test.json
		deploy = deploy
		test.runsettings = test.runsettings
	EndProjectSection
EndProject
Project("{9A19103F-16F7-4668-BE54-9A1E7A4F7556}") = "Norm.Omdb", "Norm.Omdb\Norm.Omdb.csproj", "{75B3E616-DCF8-4750-81C3-22A2F3E59843}"
EndProject
Project("{9A19103F-16F7-4668-BE54-9A1E7A4F7556}") = "Norm.Database", "Norm.Database\Norm.Database.csproj", "{05D26D97-0439-4A1E-B381-04F082903326}"
EndProject
Global
	GlobalSection(SolutionConfigurationPlatforms) = preSolution
		Debug|Any CPU = Debug|Any CPU
		Release|Any CPU = Release|Any CPU
	EndGlobalSection
	GlobalSection(ProjectConfigurationPlatforms) = postSolution
		{C6D3A6DA-4FC6-4A3B-AD68-819B49635EAF}.Debug|Any CPU.ActiveCfg = Debug|Any CPU
		{C6D3A6DA-4FC6-4A3B-AD68-819B49635EAF}.Debug|Any CPU.Build.0 = Debug|Any CPU
		{C6D3A6DA-4FC6-4A3B-AD68-819B49635EAF}.Release|Any CPU.ActiveCfg = Release|Any CPU
		{C6D3A6DA-4FC6-4A3B-AD68-819B49635EAF}.Release|Any CPU.Build.0 = Release|Any CPU
		{75B3E616-DCF8-4750-81C3-22A2F3E59843}.Debug|Any CPU.ActiveCfg = Debug|Any CPU
		{75B3E616-DCF8-4750-81C3-22A2F3E59843}.Debug|Any CPU.Build.0 = Debug|Any CPU
		{75B3E616-DCF8-4750-81C3-22A2F3E59843}.Release|Any CPU.ActiveCfg = Release|Any CPU
		{75B3E616-DCF8-4750-81C3-22A2F3E59843}.Release|Any CPU.Build.0 = Release|Any CPU
		{05D26D97-0439-4A1E-B381-04F082903326}.Debug|Any CPU.ActiveCfg = Debug|Any CPU
		{05D26D97-0439-4A1E-B381-04F082903326}.Debug|Any CPU.Build.0 = Debug|Any CPU
		{05D26D97-0439-4A1E-B381-04F082903326}.Release|Any CPU.ActiveCfg = Release|Any CPU
		{05D26D97-0439-4A1E-B381-04F082903326}.Release|Any CPU.Build.0 = Release|Any CPU
	EndGlobalSection
	GlobalSection(SolutionProperties) = preSolution
		HideSolutionNode = FALSE
	EndGlobalSection
	GlobalSection(ExtensibilityGlobals) = postSolution
		SolutionGuid = {09D5B14F-657E-4C93-A7A4-478818037CC2}
	EndGlobalSection
EndGlobal
